
Microsoft Visual Studio Solution File, Format Version 12.00
# Visual Studio Version 17
VisualStudioVersion = 17.14.37216.2 d17.14
MinimumVisualStudioVersion = 10.0.40219.1
Project("{FAE04EC0-301F-11D3-BF4B-00C04F79EFBC}") = "first_ef_core", "first_ef_core\first_ef_core.csproj", "{183CE6E1-0ED6-4301-B6AE-512F63F26297}"
EndProject
Global
	GlobalSection(SolutionConfigurationPlatforms) = preSolution
		Debug|Any CPU = Debug|Any CPU
		Release|Any CPU = Release|Any CPU
	EndGlobalSection
	GlobalSection(ProjectConfigurationPlatforms) = postSolution
		{183CE6E1-0ED6-4301-B6AE-512F63F26297}.Debug|Any CPU.ActiveCfg = Debug|Any CPU
		{183CE6E1-0ED6-4301-B6AE-512F63F26297}.Debug|Any CPU.Build.0 = Debug|Any CPU
		{183CE6E1-0ED6-4301-B6AE-512F63F26297}.Release|Any CPU.ActiveCfg = Release|Any CPU
		{183CE6E1-0ED6-4301-B6AE-512F63F26297}.Release|Any CPU.Build.0 = Release|Any CPU
	EndGlobalSection
	GlobalSection(SolutionProperties) = preSolution
		HideSolutionNode = FALSE
	EndGlobalSection
	GlobalSection(ExtensibilityGlobals) = postSolution
		SolutionGuid = {FB56A0CC-C843-473C-83D7-48559EE2DA01}
	EndGlobalSection
EndGlobal
